
Microsoft Visual Studio Solution File, Format Version 12.00
# Visual Studio Version 16
VisualStudioVersion = 16.0.32428.217
MinimumVisualStudioVersion = 10.0.40219.1
Project("{FAE04EC0-301F-11D3-BF4B-00C04F79EFBC}") = "PersonnelMgt", "PersonnelMgt.csproj", "{C25BAAEA-D7EB-43F3-9C04-EE60F3F159A6}"
EndProject
Global
	GlobalSection(SolutionConfigurationPlatforms) = preSolution
		Debug|Any CPU = Debug|Any CPU
		Release|Any CPU = Release|Any CPU
	EndGlobalSection
	GlobalSection(ProjectConfigurationPlatforms) = postSolution
		{C25BAAEA-D7EB-43F3-9C04-EE60F3F159A6}.Debug|Any CPU.ActiveCfg = Debug|Any CPU
		{C25BAAEA-D7EB-43F3-9C04-EE60F3F159A6}.Debug|Any CPU.Build.0 = Debug|Any CPU
		{C25BAAEA-D7EB-43F3-9C04-EE60F3F159A6}.Release|Any CPU.ActiveCfg = Release|Any CPU
		{C25BAAEA-D7EB-43F3-9C04-EE60F3F159A6}.Release|Any CPU.Build.0 = Release|Any CPU
	EndGlobalSection
	GlobalSection(SolutionProperties) = preSolution
		HideSolutionNode = FALSE
	EndGlobalSection
	GlobalSection(ExtensibilityGlobals) = postSolution
		SolutionGuid = {A5B4F58E-40B6-4B83-9BA1-6BA64381A705}
	EndGlobalSection
EndGlobal
